
Microsoft Visual Studio Solution File, Format Version 12.00
Project("{FAE04EC0-301F-11D3-BF4B-00C04F79EFBC}") = "Wavee", "Wavee\Wavee.csproj", "{16E76AFE-9A16-447F-8F16-75D611184B13}"
EndProject
Project("{FAE04EC0-301F-11D3-BF4B-00C04F79EFBC}") = "Wavee.Console", "Wavee.Console\Wavee.Console.csproj", "{6B3D72A1-5280-4B01-B8C1-99AFB7943A8C}"
EndProject
Project("{FAE04EC0-301F-11D3-BF4B-00C04F79EFBC}") = "Wavee.Tests", "Wavee.Tests\Wavee.Tests.csproj", "{48DB25ED-8386-4D50-A059-7974F21B5841}"
EndProject
Global
	GlobalSection(SolutionConfigurationPlatforms) = preSolution
		Debug|Any CPU = Debug|Any CPU
		Debug|x64 = Debug|x64
		Debug|x86 = Debug|x86
		Release|Any CPU = Release|Any CPU
		Release|x64 = Release|x64
		Release|x86 = Release|x86
	EndGlobalSection
	GlobalSection(ProjectConfigurationPlatforms) = postSolution
		{16E76AFE-9A16-447F-8F16-75D611184B13}.Debug|Any CPU.ActiveCfg = Debug|Any CPU
		{16E76AFE-9A16-447F-8F16-75D611184B13}.Debug|Any CPU.Build.0 = Debug|Any CPU
		{16E76AFE-9A16-447F-8F16-75D611184B13}.Debug|x64.ActiveCfg = Debug|Any CPU
		{16E76AFE-9A16-447F-8F16-75D611184B13}.Debug|x64.Build.0 = Debug|Any CPU
		{16E76AFE-9A16-447F-8F16-75D611184B13}.Debug|x86.ActiveCfg = Debug|Any CPU
		{16E76AFE-9A16-447F-8F16-75D611184B13}.Debug|x86.Build.0 = Debug|Any CPU
		{16E76AFE-9A16-447F-8F16-75D611184B13}.Release|Any CPU.ActiveCfg = Release|Any CPU
		{16E76AFE-9A16-447F-8F16-75D611184B13}.Release|Any CPU.Build.0 = Release|Any CPU
		{16E76AFE-9A16-447F-8F16-75D611184B13}.Release|x64.ActiveCfg = Release|Any CPU
		{16E76AFE-9A16-447F-8F16-75D611184B13}.Release|x64.Build.0 = Release|Any CPU
		{16E76AFE-9A16-447F-8F16-75D611184B13}.Release|x86.ActiveCfg = Release|Any CPU
		{16E76AFE-9A16-447F-8F16-75D611184B13}.Release|x86.Build.0 = Release|Any CPU
		{6B3D72A1-5280-4B01-B8C1-99AFB7943A8C}.Debug|Any CPU.ActiveCfg = Debug|Any CPU
		{6B3D72A1-5280-4B01-B8C1-99AFB7943A8C}.Debug|Any CPU.Build.0 = Debug|Any CPU
		{6B3D72A1-5280-4B01-B8C1-99AFB7943A8C}.Debug|x64.ActiveCfg = Debug|Any CPU
		{6B3D72A1-5280-4B01-B8C1-99AFB7943A8C}.Debug|x64.Build.0 = Debug|Any CPU
		{6B3D72A1-5280-4B01-B8C1-99AFB7943A8C}.Debug|x86.ActiveCfg = Debug|Any CPU
		{6B3D72A1-5280-4B01-B8C1-99AFB7943A8C}.Debug|x86.Build.0 = Debug|Any CPU
		{6B3D72A1-5280-4B01-B8C1-99AFB7943A8C}.Release|Any CPU.ActiveCfg = Release|Any CPU
		{6B3D72A1-5280-4B01-B8C1-99AFB7943A8C}.Release|Any CPU.Build.0 = Release|Any CPU
		{6B3D72A1-5280-4B01-B8C1-99AFB7943A8C}.Release|x64.ActiveCfg = Release|Any CPU
		{6B3D72A1-5280-4B01-B8C1-99AFB7943A8C}.Release|x64.Build.0 = Release|Any CPU
		{6B3D72A1-5280-4B01-B8C1-99AFB7943A8C}.Release|x86.ActiveCfg = Release|Any CPU
		{6B3D72A1-5280-4B01-B8C1-99AFB7943A8C}.Release|x86.Build.0 = Release|Any CPU
		{48DB25ED-8386-4D50-A059-7974F21B5841}.Debug|Any CPU.ActiveCfg = Debug|Any CPU
		{48DB25ED-8386-4D50-A059-7974F21B5841}.Debug|Any CPU.Build.0 = Debug|Any CPU
		{48DB25ED-8386-4D50-A059-7974F21B5841}.Debug|x64.ActiveCfg = Debug|Any CPU
		{48DB25ED-8386-4D50-A059-7974F21B5841}.Debug|x64.Build.0 = Debug|Any CPU
		{48DB25ED-8386-4D50-A059-7974F21B5841}.Debug|x86.ActiveCfg = Debug|Any CPU
		{48DB25ED-8386-4D50-A059-7974F21B5841}.Debug|x86.Build.0 = Debug|Any CPU
		{48DB25ED-8386-4D50-A059-7974F21B5841}.Release|Any CPU.ActiveCfg = Release|Any CPU
		{48DB25ED-8386-4D50-A059-7974F21B5841}.Release|Any CPU.Build.0 = Release|Any CPU
		{48DB25ED-8386-4D50-A059-7974F21B5841}.Release|x64.ActiveCfg = Release|Any CPU
		{48DB25ED-8386-4D50-A059-7974F21B5841}.Release|x64.Build.0 = Release|Any CPU
		{48DB25ED-8386-4D50-A059-7974F21B5841}.Release|x86.ActiveCfg = Release|Any CPU
		{48DB25ED-8386-4D50-A059-7974F21B5841}.Release|x86.Build.0 = Release|Any CPU
	EndGlobalSection
	GlobalSection(SolutionProperties) = preSolution
		HideSolutionNode = FALSE
	EndGlobalSection
EndGlobal
