
Microsoft Visual Studio Solution File, Format Version 12.00
# Visual Studio Version 18
VisualStudioVersion = 18.0.11201.2
MinimumVisualStudioVersion = 10.0.40219.1
Project("{FAE04EC0-301F-11D3-BF4B-00C04F79EFBC}") = "Wavee", "Wavee\Wavee.csproj", "{16E76AFE-9A16-447F-8F16-75D611184B13}"
EndProject
Project("{FAE04EC0-301F-11D3-BF4B-00C04F79EFBC}") = "Wavee.Console", "Wavee.Console\Wavee.Console.csproj", "{6B3D72A1-5280-4B01-B8C1-99AFB7943A8C}"
EndProject
Project("{FAE04EC0-301F-11D3-BF4B-00C04F79EFBC}") = "Wavee.Tests", "Wavee.Tests\Wavee.Tests.csproj", "{48DB25ED-8386-4D50-A059-7974F21B5841}"
EndProject
Project("{FAE04EC0-301F-11D3-BF4B-00C04F79EFBC}") = "Wavee.UI.WinUI", "Wavee.UI.WinUI\Wavee.UI.WinUI.csproj", "{C1D307C0-E5FB-4B5B-89EB-3A8A6A383A00}"
EndProject
Project("{2150E333-8FDC-42A3-9474-1A3956D46DE8}") = "NVorbis", "NVorbis", "{8424AE42-042C-1713-F033-BD0E50D70FD5}"
EndProject
Project("{FAE04EC0-301F-11D3-BF4B-00C04F79EFBC}") = "NVorbis", "NVorbis\NVorbis\NVorbis.csproj", "{7E24BEF2-AD2E-4031-9C07-E0950F881166}"
EndProject
Project("{FAE04EC0-301F-11D3-BF4B-00C04F79EFBC}") = "Lyricify.Lyrics.Helper", "Lyricify.Lyrics.Helper\Lyricify.Lyrics.Helper.csproj", "{3914FC61-1FA8-48F8-AE46-E80E520D6599}"
EndProject
Project("{FAE04EC0-301F-11D3-BF4B-00C04F79EFBC}") = "Wavee.Controls.Lyrics", "Wavee.Controls.Lyrics\Wavee.Controls.Lyrics.csproj", "{F46CD162-D9D9-80B4-6C89-4D1EDF6F28A2}"
EndProject
Project("{FAE04EC0-301F-11D3-BF4B-00C04F79EFBC}") = "Wavee.AudioHost", "Wavee.AudioHost\Wavee.AudioHost.csproj", "{F7256891-DAA5-4B80-9A43-33E1FD7A17C4}"
EndProject
Project("{FAE04EC0-301F-11D3-BF4B-00C04F79EFBC}") = "Wavee.Playback.Contracts", "Wavee.Playback.Contracts\Wavee.Playback.Contracts.csproj", "{3E430B63-F5FB-423C-9917-2DA99E0F1F8C}"
EndProject
Project("{2150E333-8FDC-42A3-9474-1A3956D46DE8}") = "Misc", "Misc", "{078D3AB7-9699-4E0E-9BC6-5E783A783990}"
EndProject
Project("{FAE04EC0-301F-11D3-BF4B-00C04F79EFBC}") = "Wavee.UI", "Wavee.UI\Wavee.UI.csproj", "{BD250ADC-D47F-479E-B747-00B2C78A1143}"
EndProject
Project("{FAE04EC0-301F-11D3-BF4B-00C04F79EFBC}") = "Wavee.UI.Tests", "Wavee.UI.Tests\Wavee.UI.Tests.csproj", "{535FAEA3-C208-4255-9A0C-371E614B2676}"
EndProject
Global
	GlobalSection(SolutionConfigurationPlatforms) = preSolution
		Debug|Any CPU = Debug|Any CPU
		Debug|ARM64 = Debug|ARM64
		Debug|x64 = Debug|x64
		Debug|x86 = Debug|x86
		Release|Any CPU = Release|Any CPU
		Release|ARM64 = Release|ARM64
		Release|x64 = Release|x64
		Release|x86 = Release|x86
	EndGlobalSection
	GlobalSection(ProjectConfigurationPlatforms) = postSolution
		{16E76AFE-9A16-447F-8F16-75D611184B13}.Debug|Any CPU.ActiveCfg = Debug|Any CPU
		{16E76AFE-9A16-447F-8F16-75D611184B13}.Debug|Any CPU.Build.0 = Debug|Any CPU
		{16E76AFE-9A16-447F-8F16-75D611184B13}.Debug|ARM64.ActiveCfg = Debug|ARM64
		{16E76AFE-9A16-447F-8F16-75D611184B13}.Debug|ARM64.Build.0 = Debug|ARM64
		{16E76AFE-9A16-447F-8F16-75D611184B13}.Debug|x64.ActiveCfg = Debug|x64
		{16E76AFE-9A16-447F-8F16-75D611184B13}.Debug|x64.Build.0 = Debug|x64
		{16E76AFE-9A16-447F-8F16-75D611184B13}.Debug|x86.ActiveCfg = Debug|Any CPU
		{16E76AFE-9A16-447F-8F16-75D611184B13}.Debug|x86.Build.0 = Debug|Any CPU
		{16E76AFE-9A16-447F-8F16-75D611184B13}.Release|Any CPU.ActiveCfg = Release|Any CPU
		{16E76AFE-9A16-447F-8F16-75D611184B13}.Release|Any CPU.Build.0 = Release|Any CPU
		{16E76AFE-9A16-447F-8F16-75D611184B13}.Release|ARM64.ActiveCfg = Release|ARM64
		{16E76AFE-9A16-447F-8F16-75D611184B13}.Release|ARM64.Build.0 = Release|ARM64
		{16E76AFE-9A16-447F-8F16-75D611184B13}.Release|x64.ActiveCfg = Release|x64
		{16E76AFE-9A16-447F-8F16-75D611184B13}.Release|x64.Build.0 = Release|x64
		{16E76AFE-9A16-447F-8F16-75D611184B13}.Release|x86.ActiveCfg = Release|Any CPU
		{16E76AFE-9A16-447F-8F16-75D611184B13}.Release|x86.Build.0 = Release|Any CPU
		{6B3D72A1-5280-4B01-B8C1-99AFB7943A8C}.Debug|Any CPU.ActiveCfg = Debug|Any CPU
		{6B3D72A1-5280-4B01-B8C1-99AFB7943A8C}.Debug|Any CPU.Build.0 = Debug|Any CPU
		{6B3D72A1-5280-4B01-B8C1-99AFB7943A8C}.Debug|ARM64.ActiveCfg = Debug|ARM64
		{6B3D72A1-5280-4B01-B8C1-99AFB7943A8C}.Debug|ARM64.Build.0 = Debug|ARM64
		{6B3D72A1-5280-4B01-B8C1-99AFB7943A8C}.Debug|x64.ActiveCfg = Debug|x64
		{6B3D72A1-5280-4B01-B8C1-99AFB7943A8C}.Debug|x64.Build.0 = Debug|x64
		{6B3D72A1-5280-4B01-B8C1-99AFB7943A8C}.Debug|x86.ActiveCfg = Debug|Any CPU
		{6B3D72A1-5280-4B01-B8C1-99AFB7943A8C}.Debug|x86.Build.0 = Debug|Any CPU
		{6B3D72A1-5280-4B01-B8C1-99AFB7943A8C}.Release|Any CPU.ActiveCfg = Release|Any CPU
		{6B3D72A1-5280-4B01-B8C1-99AFB7943A8C}.Release|Any CPU.Build.0 = Release|Any CPU
		{6B3D72A1-5280-4B01-B8C1-99AFB7943A8C}.Release|ARM64.ActiveCfg = Release|ARM64
		{6B3D72A1-5280-4B01-B8C1-99AFB7943A8C}.Release|ARM64.Build.0 = Release|ARM64
		{6B3D72A1-5280-4B01-B8C1-99AFB7943A8C}.Release|x64.ActiveCfg = Release|x64
		{6B3D72A1-5280-4B01-B8C1-99AFB7943A8C}.Release|x64.Build.0 = Release|x64
		{6B3D72A1-5280-4B01-B8C1-99AFB7943A8C}.Release|x86.ActiveCfg = Release|Any CPU
		{6B3D72A1-5280-4B01-B8C1-99AFB7943A8C}.Release|x86.Build.0 = Release|Any CPU
		{48DB25ED-8386-4D50-A059-7974F21B5841}.Debug|Any CPU.ActiveCfg = Debug|Any CPU
		{48DB25ED-8386-4D50-A059-7974F21B5841}.Debug|Any CPU.Build.0 = Debug|Any CPU
		{48DB25ED-8386-4D50-A059-7974F21B5841}.Debug|ARM64.ActiveCfg = Debug|ARM64
		{48DB25ED-8386-4D50-A059-7974F21B5841}.Debug|ARM64.Build.0 = Debug|ARM64
		{48DB25ED-8386-4D50-A059-7974F21B5841}.Debug|x64.ActiveCfg = Debug|x64
		{48DB25ED-8386-4D50-A059-7974F21B5841}.Debug|x64.Build.0 = Debug|x64
		{48DB25ED-8386-4D50-A059-7974F21B5841}.Debug|x86.ActiveCfg = Debug|Any CPU
		{48DB25ED-8386-4D50-A059-7974F21B5841}.Debug|x86.Build.0 = Debug|Any CPU
		{48DB25ED-8386-4D50-A059-7974F21B5841}.Release|Any CPU.ActiveCfg = Release|Any CPU
		{48DB25ED-8386-4D50-A059-7974F21B5841}.Release|Any CPU.Build.0 = Release|Any CPU
		{48DB25ED-8386-4D50-A059-7974F21B5841}.Release|ARM64.ActiveCfg = Release|ARM64
		{48DB25ED-8386-4D50-A059-7974F21B5841}.Release|ARM64.Build.0 = Release|ARM64
		{48DB25ED-8386-4D50-A059-7974F21B5841}.Release|x64.ActiveCfg = Release|x64
		{48DB25ED-8386-4D50-A059-7974F21B5841}.Release|x64.Build.0 = Release|x64
		{48DB25ED-8386-4D50-A059-7974F21B5841}.Release|x86.ActiveCfg = Release|Any CPU
		{48DB25ED-8386-4D50-A059-7974F21B5841}.Release|x86.Build.0 = Release|Any CPU
		{C1D307C0-E5FB-4B5B-89EB-3A8A6A383A00}.Debug|Any CPU.ActiveCfg = Debug|ARM64
		{C1D307C0-E5FB-4B5B-89EB-3A8A6A383A00}.Debug|Any CPU.Build.0 = Debug|ARM64
		{C1D307C0-E5FB-4B5B-89EB-3A8A6A383A00}.Debug|Any CPU.Deploy.0 = Debug|ARM64
		{C1D307C0-E5FB-4B5B-89EB-3A8A6A383A00}.Debug|ARM64.ActiveCfg = Debug|ARM64
		{C1D307C0-E5FB-4B5B-89EB-3A8A6A383A00}.Debug|ARM64.Build.0 = Debug|ARM64
		{C1D307C0-E5FB-4B5B-89EB-3A8A6A383A00}.Debug|ARM64.Deploy.0 = Debug|ARM64
		{C1D307C0-E5FB-4B5B-89EB-3A8A6A383A00}.Debug|x64.ActiveCfg = Debug|x64
		{C1D307C0-E5FB-4B5B-89EB-3A8A6A383A00}.Debug|x64.Build.0 = Debug|x64
		{C1D307C0-E5FB-4B5B-89EB-3A8A6A383A00}.Debug|x64.Deploy.0 = Debug|x64
		{C1D307C0-E5FB-4B5B-89EB-3A8A6A383A00}.Debug|x86.ActiveCfg = Debug|x86
		{C1D307C0-E5FB-4B5B-89EB-3A8A6A383A00}.Debug|x86.Build.0 = Debug|x86
		{C1D307C0-E5FB-4B5B-89EB-3A8A6A383A00}.Debug|x86.Deploy.0 = Debug|x86
		{C1D307C0-E5FB-4B5B-89EB-3A8A6A383A00}.Release|Any CPU.ActiveCfg = Release|x64
		{C1D307C0-E5FB-4B5B-89EB-3A8A6A383A00}.Release|Any CPU.Build.0 = Release|x64
		{C1D307C0-E5FB-4B5B-89EB-3A8A6A383A00}.Release|Any CPU.Deploy.0 = Release|x64
		{C1D307C0-E5FB-4B5B-89EB-3A8A6A383A00}.Release|ARM64.ActiveCfg = Release|ARM64
		{C1D307C0-E5FB-4B5B-89EB-3A8A6A383A00}.Release|ARM64.Build.0 = Release|ARM64
		{C1D307C0-E5FB-4B5B-89EB-3A8A6A383A00}.Release|ARM64.Deploy.0 = Release|ARM64
		{C1D307C0-E5FB-4B5B-89EB-3A8A6A383A00}.Release|x64.ActiveCfg = Release|x64
		{C1D307C0-E5FB-4B5B-89EB-3A8A6A383A00}.Release|x64.Build.0 = Release|x64
		{C1D307C0-E5FB-4B5B-89EB-3A8A6A383A00}.Release|x64.Deploy.0 = Release|x64
		{C1D307C0-E5FB-4B5B-89EB-3A8A6A383A00}.Release|x86.ActiveCfg = Release|x86
		{C1D307C0-E5FB-4B5B-89EB-3A8A6A383A00}.Release|x86.Build.0 = Release|x86
		{C1D307C0-E5FB-4B5B-89EB-3A8A6A383A00}.Release|x86.Deploy.0 = Release|x86
		{7E24BEF2-AD2E-4031-9C07-E0950F881166}.Debug|Any CPU.ActiveCfg = Debug|Any CPU
		{7E24BEF2-AD2E-4031-9C07-E0950F881166}.Debug|Any CPU.Build.0 = Debug|Any CPU
		{7E24BEF2-AD2E-4031-9C07-E0950F881166}.Debug|ARM64.ActiveCfg = Debug|ARM64
		{7E24BEF2-AD2E-4031-9C07-E0950F881166}.Debug|ARM64.Build.0 = Debug|ARM64
		{7E24BEF2-AD2E-4031-9C07-E0950F881166}.Debug|x64.ActiveCfg = Debug|x64
		{7E24BEF2-AD2E-4031-9C07-E0950F881166}.Debug|x64.Build.0 = Debug|x64
		{7E24BEF2-AD2E-4031-9C07-E0950F881166}.Debug|x86.ActiveCfg = Debug|Any CPU
		{7E24BEF2-AD2E-4031-9C07-E0950F881166}.Debug|x86.Build.0 = Debug|Any CPU
		{7E24BEF2-AD2E-4031-9C07-E0950F881166}.Release|Any CPU.ActiveCfg = Release|Any CPU
		{7E24BEF2-AD2E-4031-9C07-E0950F881166}.Release|Any CPU.Build.0 = Release|Any CPU
		{7E24BEF2-AD2E-4031-9C07-E0950F881166}.Release|ARM64.ActiveCfg = Release|ARM64
		{7E24BEF2-AD2E-4031-9C07-E0950F881166}.Release|ARM64.Build.0 = Release|ARM64
		{7E24BEF2-AD2E-4031-9C07-E0950F881166}.Release|x64.ActiveCfg = Release|x64
		{7E24BEF2-AD2E-4031-9C07-E0950F881166}.Release|x64.Build.0 = Release|x64
		{7E24BEF2-AD2E-4031-9C07-E0950F881166}.Release|x86.ActiveCfg = Release|Any CPU
		{7E24BEF2-AD2E-4031-9C07-E0950F881166}.Release|x86.Build.0 = Release|Any CPU
		{3914FC61-1FA8-48F8-AE46-E80E520D6599}.Debug|Any CPU.ActiveCfg = Debug|Any CPU
		{3914FC61-1FA8-48F8-AE46-E80E520D6599}.Debug|Any CPU.Build.0 = Debug|Any CPU
		{3914FC61-1FA8-48F8-AE46-E80E520D6599}.Debug|ARM64.ActiveCfg = Debug|ARM64
		{3914FC61-1FA8-48F8-AE46-E80E520D6599}.Debug|ARM64.Build.0 = Debug|ARM64
		{3914FC61-1FA8-48F8-AE46-E80E520D6599}.Debug|x64.ActiveCfg = Debug|x64
		{3914FC61-1FA8-48F8-AE46-E80E520D6599}.Debug|x64.Build.0 = Debug|x64
		{3914FC61-1FA8-48F8-AE46-E80E520D6599}.Debug|x86.ActiveCfg = Debug|Any CPU
		{3914FC61-1FA8-48F8-AE46-E80E520D6599}.Debug|x86.Build.0 = Debug|Any CPU
		{3914FC61-1FA8-48F8-AE46-E80E520D6599}.Release|Any CPU.ActiveCfg = Release|Any CPU
		{3914FC61-1FA8-48F8-AE46-E80E520D6599}.Release|Any CPU.Build.0 = Release|Any CPU
		{3914FC61-1FA8-48F8-AE46-E80E520D6599}.Release|ARM64.ActiveCfg = Release|ARM64
		{3914FC61-1FA8-48F8-AE46-E80E520D6599}.Release|ARM64.Build.0 = Release|ARM64
		{3914FC61-1FA8-48F8-AE46-E80E520D6599}.Release|x64.ActiveCfg = Release|x64
		{3914FC61-1FA8-48F8-AE46-E80E520D6599}.Release|x64.Build.0 = Release|x64
		{3914FC61-1FA8-48F8-AE46-E80E520D6599}.Release|x86.ActiveCfg = Release|Any CPU
		{3914FC61-1FA8-48F8-AE46-E80E520D6599}.Release|x86.Build.0 = Release|Any CPU
		{F46CD162-D9D9-80B4-6C89-4D1EDF6F28A2}.Debug|Any CPU.ActiveCfg = Debug|ARM64
		{F46CD162-D9D9-80B4-6C89-4D1EDF6F28A2}.Debug|Any CPU.Build.0 = Debug|ARM64
		{F46CD162-D9D9-80B4-6C89-4D1EDF6F28A2}.Debug|ARM64.ActiveCfg = Debug|ARM64
		{F46CD162-D9D9-80B4-6C89-4D1EDF6F28A2}.Debug|ARM64.Build.0 = Debug|ARM64
		{F46CD162-D9D9-80B4-6C89-4D1EDF6F28A2}.Debug|x64.ActiveCfg = Debug|x64
		{F46CD162-D9D9-80B4-6C89-4D1EDF6F28A2}.Debug|x64.Build.0 = Debug|x64
		{F46CD162-D9D9-80B4-6C89-4D1EDF6F28A2}.Debug|x86.ActiveCfg = Debug|x86
		{F46CD162-D9D9-80B4-6C89-4D1EDF6F28A2}.Debug|x86.Build.0 = Debug|x86
		{F46CD162-D9D9-80B4-6C89-4D1EDF6F28A2}.Release|Any CPU.ActiveCfg = Release|x64
		{F46CD162-D9D9-80B4-6C89-4D1EDF6F28A2}.Release|Any CPU.Build.0 = Release|x64
		{F46CD162-D9D9-80B4-6C89-4D1EDF6F28A2}.Release|ARM64.ActiveCfg = Release|ARM64
		{F46CD162-D9D9-80B4-6C89-4D1EDF6F28A2}.Release|ARM64.Build.0 = Release|ARM64
		{F46CD162-D9D9-80B4-6C89-4D1EDF6F28A2}.Release|x64.ActiveCfg = Release|x64
		{F46CD162-D9D9-80B4-6C89-4D1EDF6F28A2}.Release|x64.Build.0 = Release|x64
		{F46CD162-D9D9-80B4-6C89-4D1EDF6F28A2}.Release|x86.ActiveCfg = Release|x86
		{F46CD162-D9D9-80B4-6C89-4D1EDF6F28A2}.Release|x86.Build.0 = Release|x86
		{F7256891-DAA5-4B80-9A43-33E1FD7A17C4}.Debug|Any CPU.ActiveCfg = Debug|Any CPU
		{F7256891-DAA5-4B80-9A43-33E1FD7A17C4}.Debug|Any CPU.Build.0 = Debug|Any CPU
		{F7256891-DAA5-4B80-9A43-33E1FD7A17C4}.Debug|ARM64.ActiveCfg = Debug|ARM64
		{F7256891-DAA5-4B80-9A43-33E1FD7A17C4}.Debug|ARM64.Build.0 = Debug|ARM64
		{F7256891-DAA5-4B80-9A43-33E1FD7A17C4}.Debug|x64.ActiveCfg = Debug|x64
		{F7256891-DAA5-4B80-9A43-33E1FD7A17C4}.Debug|x64.Build.0 = Debug|x64
		{F7256891-DAA5-4B80-9A43-33E1FD7A17C4}.Debug|x86.ActiveCfg = Debug|Any CPU
		{F7256891-DAA5-4B80-9A43-33E1FD7A17C4}.Debug|x86.Build.0 = Debug|Any CPU
		{F7256891-DAA5-4B80-9A43-33E1FD7A17C4}.Release|Any CPU.ActiveCfg = Release|Any CPU
		{F7256891-DAA5-4B80-9A43-33E1FD7A17C4}.Release|Any CPU.Build.0 = Release|Any CPU
		{F7256891-DAA5-4B80-9A43-33E1FD7A17C4}.Release|ARM64.ActiveCfg = Release|ARM64
		{F7256891-DAA5-4B80-9A43-33E1FD7A17C4}.Release|ARM64.Build.0 = Release|ARM64
		{F7256891-DAA5-4B80-9A43-33E1FD7A17C4}.Release|x64.ActiveCfg = Release|x64
		{F7256891-DAA5-4B80-9A43-33E1FD7A17C4}.Release|x64.Build.0 = Release|x64
		{F7256891-DAA5-4B80-9A43-33E1FD7A17C4}.Release|x86.ActiveCfg = Release|Any CPU
		{F7256891-DAA5-4B80-9A43-33E1FD7A17C4}.Release|x86.Build.0 = Release|Any CPU
		{3E430B63-F5FB-423C-9917-2DA99E0F1F8C}.Debug|Any CPU.ActiveCfg = Debug|Any CPU
		{3E430B63-F5FB-423C-9917-2DA99E0F1F8C}.Debug|Any CPU.Build.0 = Debug|Any CPU
		{3E430B63-F5FB-423C-9917-2DA99E0F1F8C}.Debug|ARM64.ActiveCfg = Debug|ARM64
		{3E430B63-F5FB-423C-9917-2DA99E0F1F8C}.Debug|ARM64.Build.0 = Debug|ARM64
		{3E430B63-F5FB-423C-9917-2DA99E0F1F8C}.Debug|x64.ActiveCfg = Debug|x64
		{3E430B63-F5FB-423C-9917-2DA99E0F1F8C}.Debug|x64.Build.0 = Debug|x64
		{3E430B63-F5FB-423C-9917-2DA99E0F1F8C}.Debug|x86.ActiveCfg = Debug|Any CPU
		{3E430B63-F5FB-423C-9917-2DA99E0F1F8C}.Debug|x86.Build.0 = Debug|Any CPU
		{3E430B63-F5FB-423C-9917-2DA99E0F1F8C}.Release|Any CPU.ActiveCfg = Release|Any CPU
		{3E430B63-F5FB-423C-9917-2DA99E0F1F8C}.Release|Any CPU.Build.0 = Release|Any CPU
		{3E430B63-F5FB-423C-9917-2DA99E0F1F8C}.Release|ARM64.ActiveCfg = Release|ARM64
		{3E430B63-F5FB-423C-9917-2DA99E0F1F8C}.Release|ARM64.Build.0 = Release|ARM64
		{3E430B63-F5FB-423C-9917-2DA99E0F1F8C}.Release|x64.ActiveCfg = Release|x64
		{3E430B63-F5FB-423C-9917-2DA99E0F1F8C}.Release|x64.Build.0 = Release|x64
		{3E430B63-F5FB-423C-9917-2DA99E0F1F8C}.Release|x86.ActiveCfg = Release|Any CPU
		{3E430B63-F5FB-423C-9917-2DA99E0F1F8C}.Release|x86.Build.0 = Release|Any CPU
		{BD250ADC-D47F-479E-B747-00B2C78A1143}.Debug|Any CPU.ActiveCfg = Debug|Any CPU
		{BD250ADC-D47F-479E-B747-00B2C78A1143}.Debug|Any CPU.Build.0 = Debug|Any CPU
		{BD250ADC-D47F-479E-B747-00B2C78A1143}.Debug|ARM64.ActiveCfg = Debug|ARM64
		{BD250ADC-D47F-479E-B747-00B2C78A1143}.Debug|ARM64.Build.0 = Debug|ARM64
		{BD250ADC-D47F-479E-B747-00B2C78A1143}.Debug|x64.ActiveCfg = Debug|x64
		{BD250ADC-D47F-479E-B747-00B2C78A1143}.Debug|x64.Build.0 = Debug|x64
		{BD250ADC-D47F-479E-B747-00B2C78A1143}.Debug|x86.ActiveCfg = Debug|x86
		{BD250ADC-D47F-479E-B747-00B2C78A1143}.Debug|x86.Build.0 = Debug|x86
		{BD250ADC-D47F-479E-B747-00B2C78A1143}.Release|Any CPU.ActiveCfg = Release|Any CPU
		{BD250ADC-D47F-479E-B747-00B2C78A1143}.Release|Any CPU.Build.0 = Release|Any CPU
		{BD250ADC-D47F-479E-B747-00B2C78A1143}.Release|ARM64.ActiveCfg = Release|ARM64
		{BD250ADC-D47F-479E-B747-00B2C78A1143}.Release|ARM64.Build.0 = Release|ARM64
		{BD250ADC-D47F-479E-B747-00B2C78A1143}.Release|x64.ActiveCfg = Release|x64
		{BD250ADC-D47F-479E-B747-00B2C78A1143}.Release|x64.Build.0 = Release|x64
		{BD250ADC-D47F-479E-B747-00B2C78A1143}.Release|x86.ActiveCfg = Release|x86
		{BD250ADC-D47F-479E-B747-00B2C78A1143}.Release|x86.Build.0 = Release|x86
		{535FAEA3-C208-4255-9A0C-371E614B2676}.Debug|Any CPU.ActiveCfg = Debug|Any CPU
		{535FAEA3-C208-4255-9A0C-371E614B2676}.Debug|Any CPU.Build.0 = Debug|Any CPU
		{535FAEA3-C208-4255-9A0C-371E614B2676}.Debug|ARM64.ActiveCfg = Debug|ARM64
		{535FAEA3-C208-4255-9A0C-371E614B2676}.Debug|ARM64.Build.0 = Debug|ARM64
		{535FAEA3-C208-4255-9A0C-371E614B2676}.Debug|x64.ActiveCfg = Debug|x64
		{535FAEA3-C208-4255-9A0C-371E614B2676}.Debug|x64.Build.0 = Debug|x64
		{535FAEA3-C208-4255-9A0C-371E614B2676}.Debug|x86.ActiveCfg = Debug|x86
		{535FAEA3-C208-4255-9A0C-371E614B2676}.Debug|x86.Build.0 = Debug|x86
		{535FAEA3-C208-4255-9A0C-371E614B2676}.Release|Any CPU.ActiveCfg = Release|Any CPU
		{535FAEA3-C208-4255-9A0C-371E614B2676}.Release|Any CPU.Build.0 = Release|Any CPU
		{535FAEA3-C208-4255-9A0C-371E614B2676}.Release|ARM64.ActiveCfg = Release|ARM64
		{535FAEA3-C208-4255-9A0C-371E614B2676}.Release|ARM64.Build.0 = Release|ARM64
		{535FAEA3-C208-4255-9A0C-371E614B2676}.Release|x64.ActiveCfg = Release|x64
		{535FAEA3-C208-4255-9A0C-371E614B2676}.Release|x64.Build.0 = Release|x64
		{535FAEA3-C208-4255-9A0C-371E614B2676}.Release|x86.ActiveCfg = Release|x86
		{535FAEA3-C208-4255-9A0C-371E614B2676}.Release|x86.Build.0 = Release|x86
		{2A4FE0C5-7B1A-4C3D-9E2F-A1B2C3D4E5F6}.Debug|Any CPU.ActiveCfg = Debug|x64
		{2A4FE0C5-7B1A-4C3D-9E2F-A1B2C3D4E5F6}.Debug|Any CPU.Build.0 = Debug|x64
		{2A4FE0C5-7B1A-4C3D-9E2F-A1B2C3D4E5F6}.Debug|ARM64.ActiveCfg = Debug|x64
		{2A4FE0C5-7B1A-4C3D-9E2F-A1B2C3D4E5F6}.Debug|ARM64.Build.0 = Debug|x64
		{2A4FE0C5-7B1A-4C3D-9E2F-A1B2C3D4E5F6}.Debug|x64.ActiveCfg = Debug|x64
		{2A4FE0C5-7B1A-4C3D-9E2F-A1B2C3D4E5F6}.Debug|x64.Build.0 = Debug|x64
		{2A4FE0C5-7B1A-4C3D-9E2F-A1B2C3D4E5F6}.Debug|x86.ActiveCfg = Debug|x64
		{2A4FE0C5-7B1A-4C3D-9E2F-A1B2C3D4E5F6}.Debug|x86.Build.0 = Debug|x64
		{2A4FE0C5-7B1A-4C3D-9E2F-A1B2C3D4E5F6}.Release|Any CPU.ActiveCfg = Release|x64
		{2A4FE0C5-7B1A-4C3D-9E2F-A1B2C3D4E5F6}.Release|Any CPU.Build.0 = Release|x64
		{2A4FE0C5-7B1A-4C3D-9E2F-A1B2C3D4E5F6}.Release|ARM64.ActiveCfg = Release|x64
		{2A4FE0C5-7B1A-4C3D-9E2F-A1B2C3D4E5F6}.Release|ARM64.Build.0 = Release|x64
		{2A4FE0C5-7B1A-4C3D-9E2F-A1B2C3D4E5F6}.Release|x64.ActiveCfg = Release|x64
		{2A4FE0C5-7B1A-4C3D-9E2F-A1B2C3D4E5F6}.Release|x64.Build.0 = Release|x64
		{2A4FE0C5-7B1A-4C3D-9E2F-A1B2C3D4E5F6}.Release|x86.ActiveCfg = Release|x64
		{2A4FE0C5-7B1A-4C3D-9E2F-A1B2C3D4E5F6}.Release|x86.Build.0 = Release|x64
		{3B5FE1D6-8C2B-4D4E-AF30-B2C3D4E5F607}.Debug|Any CPU.ActiveCfg = Debug|x64
		{3B5FE1D6-8C2B-4D4E-AF30-B2C3D4E5F607}.Debug|Any CPU.Build.0 = Debug|x64
		{3B5FE1D6-8C2B-4D4E-AF30-B2C3D4E5F607}.Debug|ARM64.ActiveCfg = Debug|x64
		{3B5FE1D6-8C2B-4D4E-AF30-B2C3D4E5F607}.Debug|ARM64.Build.0 = Debug|x64
		{3B5FE1D6-8C2B-4D4E-AF30-B2C3D4E5F607}.Debug|x64.ActiveCfg = Debug|x64
		{3B5FE1D6-8C2B-4D4E-AF30-B2C3D4E5F607}.Debug|x64.Build.0 = Debug|x64
		{3B5FE1D6-8C2B-4D4E-AF30-B2C3D4E5F607}.Debug|x86.ActiveCfg = Debug|x64
		{3B5FE1D6-8C2B-4D4E-AF30-B2C3D4E5F607}.Debug|x86.Build.0 = Debug|x64
		{3B5FE1D6-8C2B-4D4E-AF30-B2C3D4E5F607}.Release|Any CPU.ActiveCfg = Release|x64
		{3B5FE1D6-8C2B-4D4E-AF30-B2C3D4E5F607}.Release|Any CPU.Build.0 = Release|x64
		{3B5FE1D6-8C2B-4D4E-AF30-B2C3D4E5F607}.Release|ARM64.ActiveCfg = Release|x64
		{3B5FE1D6-8C2B-4D4E-AF30-B2C3D4E5F607}.Release|ARM64.Build.0 = Release|x64
		{3B5FE1D6-8C2B-4D4E-AF30-B2C3D4E5F607}.Release|x64.ActiveCfg = Release|x64
		{3B5FE1D6-8C2B-4D4E-AF30-B2C3D4E5F607}.Release|x64.Build.0 = Release|x64
		{3B5FE1D6-8C2B-4D4E-AF30-B2C3D4E5F607}.Release|x86.ActiveCfg = Release|x64
		{3B5FE1D6-8C2B-4D4E-AF30-B2C3D4E5F607}.Release|x86.Build.0 = Release|x64
	EndGlobalSection
	GlobalSection(SolutionProperties) = preSolution
		HideSolutionNode = FALSE
	EndGlobalSection
	GlobalSection(NestedProjects) = preSolution
		{6B3D72A1-5280-4B01-B8C1-99AFB7943A8C} = {078D3AB7-9699-4E0E-9BC6-5E783A783990}
		{48DB25ED-8386-4D50-A059-7974F21B5841} = {078D3AB7-9699-4E0E-9BC6-5E783A783990}
		{8424AE42-042C-1713-F033-BD0E50D70FD5} = {078D3AB7-9699-4E0E-9BC6-5E783A783990}
		{7E24BEF2-AD2E-4031-9C07-E0950F881166} = {8424AE42-042C-1713-F033-BD0E50D70FD5}
		{3914FC61-1FA8-48F8-AE46-E80E520D6599} = {078D3AB7-9699-4E0E-9BC6-5E783A783990}
		{F46CD162-D9D9-80B4-6C89-4D1EDF6F28A2} = {078D3AB7-9699-4E0E-9BC6-5E783A783990}
	EndGlobalSection
	GlobalSection(ExtensibilityGlobals) = postSolution
		SolutionGuid = {83E64607-1E36-41BD-9A54-E0FA5465BA74}
	EndGlobalSection
EndGlobal
